
Microsoft Visual Studio Solution File, Format Version 12.00
# Visual Studio Version 16
VisualStudioVersion = 16.0.32630.194
MinimumVisualStudioVersion = 10.0.40219.1
Project("{FAE04EC0-301F-11D3-BF4B-00C04F79EFBC}") = "CSVDemo", "CSVDemo.csproj", "{AAA55A0C-0F1F-4494-B6B7-12FF719BB6BB}"
EndProject
Global
	GlobalSection(SolutionConfigurationPlatforms) = preSolution
		Debug|Any CPU = Debug|Any CPU
		Release|Any CPU = Release|Any CPU
	EndGlobalSection
	GlobalSection(ProjectConfigurationPlatforms) = postSolution
		{AAA55A0C-0F1F-4494-B6B7-12FF719BB6BB}.Debug|Any CPU.ActiveCfg = Debug|Any CPU
		{AAA55A0C-0F1F-4494-B6B7-12FF719BB6BB}.Debug|Any CPU.Build.0 = Debug|Any CPU
		{AAA55A0C-0F1F-4494-B6B7-12FF719BB6BB}.Release|Any CPU.ActiveCfg = Release|Any CPU
		{AAA55A0C-0F1F-4494-B6B7-12FF719BB6BB}.Release|Any CPU.Build.0 = Release|Any CPU
	EndGlobalSection
	GlobalSection(SolutionProperties) = preSolution
		HideSolutionNode = FALSE
	EndGlobalSection
	GlobalSection(ExtensibilityGlobals) = postSolution
		SolutionGuid = {389E8FD2-103B-414F-B6A1-DB2342B9A428}
	EndGlobalSection
EndGlobal
